
Microsoft Visual Studio Solution File, Format Version 12.00
# Visual Studio Version 16
VisualStudioVersion = 16.0.30503.244
MinimumVisualStudioVersion = 10.0.40219.1
Project("{888888A0-9F3D-457C-B088-3A5042F75D52}") = "functions", "functions\functions.pyproj", "{B68F222D-0E69-489D-90D7-1DE503B0837A}"
EndProject
Global
	GlobalSection(SolutionConfigurationPlatforms) = preSolution
		Debug|Any CPU = Debug|Any CPU
		Release|Any CPU = Release|Any CPU
	EndGlobalSection
	GlobalSection(ProjectConfigurationPlatforms) = postSolution
		{B68F222D-0E69-489D-90D7-1DE503B0837A}.Debug|Any CPU.ActiveCfg = Debug|Any CPU
		{B68F222D-0E69-489D-90D7-1DE503B0837A}.Release|Any CPU.ActiveCfg = Release|Any CPU
	EndGlobalSection
	GlobalSection(SolutionProperties) = preSolution
		HideSolutionNode = FALSE
	EndGlobalSection
	GlobalSection(ExtensibilityGlobals) = postSolution
		SolutionGuid = {D20603A6-7EC7-480D-82C5-E2D139C6441E}
	EndGlobalSection
EndGlobal
